# THIS IS AN AUTOGENERATED FILE. DO NOT EDIT THIS FILE DIRECTLY.
# yarn lockfile v1


i18next-scanner-typescript@^1.0.3:
  version "1.0.3"
  resolved "https://registry.yarnpkg.com/i18next-scanner-typescript/-/i18next-scanner-typescript-1.0.3.tgz#fa5135b0a801aa5fc18f73bbcd74d65d7e5cb9cb"
  integrity sha512-XY5ydrLGcfDdzn4qLadNcKgpl4W4IttHv+LfU59UdCfk6tzyB5zsSWqwjmcsP+/h0f1k/S1CtT9InnZs4kz3sA==
  dependencies:
    typescript "^3.0.0"

typescript@^3.0.0:
  version "3.7.3"
  resolved "https://registry.yarnpkg.com/typescript/-/typescript-3.7.3.tgz#b36840668a16458a7025b9eabfad11b66ab85c69"
  integrity sha512-Mcr/Qk7hXqFBXMN7p7Lusj1ktCBydylfQM/FZCk5glCNQJrCUKPkMHdo9R0MTFWsC/4kPFvDS0fDPvukfCkFsw==
